# This file is automatically @generated by Cargo.
# It is not intended for manual editing.
version = 4

[[package]]
name = "common"
version = "0.1.0"

[[package]]
name = "common-macros"
version = "0.1.0"
dependencies = [
 "common",
]

[[package]]
name = "puzzle-formats"
version = "0.1.0"
dependencies = [
 "common",
 "common-macros",
]

[[package]]
name = "puzzle-formats-c-bindings"
version = "0.1.0"
dependencies = [
 "puzzle-formats",
]

[[package]]
name = "puzzle-formats-wasm-bindings"
version = "0.1.0"
dependencies = [
 "puzzle-formats",
]

[[package]]
name = "puzzle-path-tool"
version = "0.1.0"
dependencies = [
 "common",
 "common-macros",
 "puzzle-formats",
]

[[package]]
name = "puzzle-path-tool-c-bindings"
version = "0.1.0"
dependencies = [
 "puzzle-path-tool",
]

[[package]]
name = "puzzle-path-tool-cli"
version = "0.1.0"
dependencies = [
 "common",
 "common-macros",
 "puzzle-formats",
 "puzzle-path-tool",
]

[[package]]
name = "puzzle-path-tool-wasm-bindings"
version = "0.1.0"
dependencies = [
 "puzzle-path-tool",
]
